{
  "version": 4,
  "terraform_version": "1.7.3",
  "serial": 22,
  "lineage": "ff3b2a99-654f-1e11-d5ba-85a86f643b51",
  "outputs": {},
  "resources": [
    {
      "mode": "managed",
      "type": "azurerm_app_service_source_control",
      "name": "github",
      "provider": "provider[\"registry.terraform.io/hashicorp/azurerm\"]",
      "instances": [
        {
          "schema_version": 0,
          "attributes": {
            "app_id": "/subscriptions/64b6e979-f416-461a-9776-13ce8bbbd046/resourceGroups/ContactBookRG85346/providers/Microsoft.Web/sites/contact-book-webapp-85346",
            "branch": "master",
            "github_action_configuration": [],
            "id": "/subscriptions/64b6e979-f416-461a-9776-13ce8bbbd046/resourceGroups/ContactBookRG85346/providers/Microsoft.Web/sites/contact-book-webapp-85346",
            "repo_url": "https://github.com/nakov/ContactBook",
            "rollback_enabled": false,
            "scm_type": "ExternalGit",
            "timeouts": null,
            "use_local_git": false,
            "use_manual_integration": true,
            "use_mercurial": false,
            "uses_github_action": false
          },
          "sensitive_attributes": [],
          "private": "eyJlMmJmYjczMC1lY2FhLTExZTYtOGY4OC0zNDM2M2JjN2M0YzAiOnsiY3JlYXRlIjoxODAwMDAwMDAwMDAwLCJkZWxldGUiOjE4MDAwMDAwMDAwMDAsInJlYWQiOjMwMDAwMDAwMDAwMH19",
          "dependencies": [
            "azurerm_linux_web_app.alwa",
            "azurerm_resource_group.rg",
            "azurerm_service_plan.asp",
            "random_integer.ri"
          ]
        }
      ]
    },
    {
      "mode": "managed",
      "type": "azurerm_linux_web_app",
      "name": "alwa",
      "provider": "provider[\"registry.terraform.io/hashicorp/azurerm\"]",
      "instances": [
        {
          "schema_version": 1,
          "attributes": {
            "app_settings": null,
            "auth_settings": [],
            "auth_settings_v2": [],
            "backup": [],
            "client_affinity_enabled": false,
            "client_certificate_enabled": false,
            "client_certificate_exclusion_paths": "",
            "client_certificate_mode": "Required",
            "connection_string": [],
            "custom_domain_verification_id": "25118256675A8FB517952C1399B42E2DC796CEB4CC55F9B18C2CEF7E7FE23771",
            "default_hostname": "contact-book-webapp-85346.azurewebsites.net",
            "enabled": true,
            "ftp_publish_basic_authentication_enabled": true,
            "hosting_environment_id": "",
            "https_only": false,
            "id": "/subscriptions/64b6e979-f416-461a-9776-13ce8bbbd046/resourceGroups/ContactBookRG85346/providers/Microsoft.Web/sites/contact-book-webapp-85346",
            "identity": [],
            "key_vault_reference_identity_id": "SystemAssigned",
            "kind": "app,linux",
            "location": "westeurope",
            "logs": [],
            "name": "contact-book-webapp-85346",
            "outbound_ip_address_list": [
              "20.71.3.246",
              "20.73.37.157",
              "20.73.39.43",
              "20.73.39.99",
              "20.73.39.100",
              "20.73.192.17",
              "20.105.232.4"
            ],
            "outbound_ip_addresses": "20.71.3.246,20.73.37.157,20.73.39.43,20.73.39.99,20.73.39.100,20.73.192.17,20.105.232.4",
            "possible_outbound_ip_address_list": [
              "20.71.3.246",
              "20.73.37.157",
              "20.73.39.43",
              "20.73.39.99",
              "20.73.39.100",
              "20.73.192.17",
              "20.73.192.215",
              "20.73.193.149",
              "20.73.195.220",
              "20.73.196.40",
              "20.73.39.196",
              "20.73.196.60",
              "20.73.197.108",
              "20.73.198.100",
              "20.73.198.157",
              "20.73.198.192",
              "20.73.198.228",
              "20.73.199.89",
              "20.73.199.251",
              "20.76.16.160",
              "20.76.17.64",
              "20.76.18.151",
              "20.76.19.127",
              "20.76.19.243",
              "20.105.232.4"
            ],
            "possible_outbound_ip_addresses": "20.71.3.246,20.73.37.157,20.73.39.43,20.73.39.99,20.73.39.100,20.73.192.17,20.73.192.215,20.73.193.149,20.73.195.220,20.73.196.40,20.73.39.196,20.73.196.60,20.73.197.108,20.73.198.100,20.73.198.157,20.73.198.192,20.73.198.228,20.73.199.89,20.73.199.251,20.76.16.160,20.76.17.64,20.76.18.151,20.76.19.127,20.76.19.243,20.105.232.4",
            "public_network_access_enabled": true,
            "resource_group_name": "ContactBookRG85346",
            "service_plan_id": "/subscriptions/64b6e979-f416-461a-9776-13ce8bbbd046/resourceGroups/ContactBookRG85346/providers/Microsoft.Web/serverFarms/contact-book-service-plan-85346",
            "site_config": [
              {
                "always_on": false,
                "api_definition_url": "",
                "api_management_api_id": "",
                "app_command_line": "",
                "application_stack": [
                  {
                    "docker_image": "",
                    "docker_image_name": "",
                    "docker_image_tag": "",
                    "docker_registry_password": "",
                    "docker_registry_url": "",
                    "docker_registry_username": "",
                    "dotnet_version": "",
                    "go_version": "",
                    "java_server": "",
                    "java_server_version": "",
                    "java_version": "",
                    "node_version": "16-lts",
                    "php_version": "",
                    "python_version": "",
                    "ruby_version": ""
                  }
                ],
                "auto_heal_enabled": false,
                "auto_heal_setting": [],
                "container_registry_managed_identity_client_id": "",
                "container_registry_use_managed_identity": false,
                "cors": [],
                "default_documents": [
                  "Default.htm",
                  "Default.html",
                  "Default.asp",
                  "index.htm",
                  "index.html",
                  "iisstart.htm",
                  "default.aspx",
                  "index.php",
                  "hostingstart.html"
                ],
                "detailed_error_logging_enabled": false,
                "ftps_state": "Disabled",
                "health_check_eviction_time_in_min": 0,
                "health_check_path": "",
                "http2_enabled": false,
                "ip_restriction": [],
                "linux_fx_version": "NODE|16-lts",
                "load_balancing_mode": "LeastRequests",
                "local_mysql_enabled": false,
                "managed_pipeline_mode": "Integrated",
                "minimum_tls_version": "1.2",
                "remote_debugging_enabled": false,
                "remote_debugging_version": "VS2019",
                "scm_ip_restriction": [],
                "scm_minimum_tls_version": "1.2",
                "scm_type": "None",
                "scm_use_main_ip_restriction": false,
                "use_32_bit_worker": true,
                "vnet_route_all_enabled": false,
                "websockets_enabled": false,
                "worker_count": 1
              }
            ],
            "site_credential": [
              {
                "name": "$contact-book-webapp-85346",
                "password": "WeuvQ7xDzkkokGsJlMfnPzzdYfcgEKzRbeeQQuyhEAvv11iC7fFXPGF1HfQB"
              }
            ],
            "sticky_settings": [],
            "storage_account": [],
            "tags": null,
            "timeouts": null,
            "virtual_network_subnet_id": "",
            "webdeploy_publish_basic_authentication_enabled": true,
            "zip_deploy_file": ""
          },
          "sensitive_attributes": [],
          "private": "eyJlMmJmYjczMC1lY2FhLTExZTYtOGY4OC0zNDM2M2JjN2M0YzAiOnsiY3JlYXRlIjoxODAwMDAwMDAwMDAwLCJkZWxldGUiOjE4MDAwMDAwMDAwMDAsInJlYWQiOjMwMDAwMDAwMDAwMCwidXBkYXRlIjoxODAwMDAwMDAwMDAwfSwic2NoZW1hX3ZlcnNpb24iOiIxIn0=",
          "dependencies": [
            "azurerm_resource_group.rg",
            "azurerm_service_plan.asp",
            "random_integer.ri"
          ]
        }
      ]
    },
    {
      "mode": "managed",
      "type": "azurerm_resource_group",
      "name": "rg",
      "provider": "provider[\"registry.terraform.io/hashicorp/azurerm\"]",
      "instances": [
        {
          "schema_version": 0,
          "attributes": {
            "id": "/subscriptions/64b6e979-f416-461a-9776-13ce8bbbd046/resourceGroups/ContactBookRG85346",
            "location": "westeurope",
            "managed_by": "",
            "name": "ContactBookRG85346",
            "tags": null,
            "timeouts": null
          },
          "sensitive_attributes": [],
          "private": "eyJlMmJmYjczMC1lY2FhLTExZTYtOGY4OC0zNDM2M2JjN2M0YzAiOnsiY3JlYXRlIjo1NDAwMDAwMDAwMDAwLCJkZWxldGUiOjU0MDAwMDAwMDAwMDAsInJlYWQiOjMwMDAwMDAwMDAwMCwidXBkYXRlIjo1NDAwMDAwMDAwMDAwfX0=",
          "dependencies": [
            "random_integer.ri"
          ]
        }
      ]
    },
    {
      "mode": "managed",
      "type": "azurerm_service_plan",
      "name": "asp",
      "provider": "provider[\"registry.terraform.io/hashicorp/azurerm\"]",
      "instances": [
        {
          "schema_version": 1,
          "attributes": {
            "app_service_environment_id": "",
            "id": "/subscriptions/64b6e979-f416-461a-9776-13ce8bbbd046/resourceGroups/ContactBookRG85346/providers/Microsoft.Web/serverFarms/contact-book-service-plan-85346",
            "kind": "linux",
            "location": "westeurope",
            "maximum_elastic_worker_count": 1,
            "name": "contact-book-service-plan-85346",
            "os_type": "Linux",
            "per_site_scaling_enabled": false,
            "reserved": true,
            "resource_group_name": "ContactBookRG85346",
            "sku_name": "F1",
            "tags": null,
            "timeouts": null,
            "worker_count": 1,
            "zone_balancing_enabled": false
          },
          "sensitive_attributes": [],
          "private": "eyJlMmJmYjczMC1lY2FhLTExZTYtOGY4OC0zNDM2M2JjN2M0YzAiOnsiY3JlYXRlIjozNjAwMDAwMDAwMDAwLCJkZWxldGUiOjM2MDAwMDAwMDAwMDAsInJlYWQiOjMwMDAwMDAwMDAwMCwidXBkYXRlIjozNjAwMDAwMDAwMDAwfSwic2NoZW1hX3ZlcnNpb24iOiIxIn0=",
          "dependencies": [
            "azurerm_resource_group.rg",
            "random_integer.ri"
          ]
        }
      ]
    },
    {
      "mode": "managed",
      "type": "random_integer",
      "name": "ri",
      "provider": "provider[\"registry.terraform.io/hashicorp/random\"]",
      "instances": [
        {
          "schema_version": 0,
          "attributes": {
            "id": "85346",
            "keepers": null,
            "max": 99999,
            "min": 10000,
            "result": 85346,
            "seed": null
          },
          "sensitive_attributes": []
        }
      ]
    }
  ],
  "check_results": null
}
